// !$*UTF8*$!
{
	archiveVersion = 1;
	classes = {
	};
	objectVersion = 46;
	objects = {

/* Begin PBXBuildFile section */
		1FD22F451C54F30200A99CF3 /* maru_blue.png in Resources */ = {isa = PBXBuildFile; fileRef = 1FD22F411C54F30200A99CF3 /* maru_blue.png */; };
		1FD22F461C54F30200A99CF3 /* maru_green_low.png in Resources */ = {isa = PBXBuildFile; fileRef = 1FD22F421C54F30200A99CF3 /* maru_green_low.png */; };
		1FD22F471C54F30200A99CF3 /* maru_pink_low.png in Resources */ = {isa = PBXBuildFile; fileRef = 1FD22F431C54F30200A99CF3 /* maru_pink_low.png */; };
		1FD22F481C54F30200A99CF3 /* maru_yellow_low.png in Resources */ = {isa = PBXBuildFile; fileRef = 1FD22F441C54F30200A99CF3 /* maru_yellow_low.png */; };
		1FDE197C1C537590006437F2 /* main.m in Sources */ = {isa = PBXBuildFile; fileRef = 1FDE197B1C537590006437F2 /* main.m */; };
		1FDE197F1C537590006437F2 /* AppDelegate.m in Sources */ = {isa = PBXBuildFile; fileRef = 1FDE197E1C537590006437F2 /* AppDelegate.m */; };
		1FDE19821C537590006437F2 /* ViewController.m in Sources */ = {isa = PBXBuildFile; fileRef = 1FDE19811C537590006437F2 /* ViewController.m */; };
		1FDE19851C537590006437F2 /* Main.storyboard in Resources */ = {isa = PBXBuildFile; fileRef = 1FDE19831C537590006437F2 /* Main.storyboard */; };
		1FDE19871C537590006437F2 /* Assets.xcassets in Resources */ = {isa = PBXBuildFile; fileRef = 1FDE19861C537590006437F2 /* Assets.xcassets */; };
		1FDE198A1C537590006437F2 /* LaunchScreen.storyboard in Resources */ = {isa = PBXBuildFile; fileRef = 1FDE19881C537590006437F2 /* LaunchScreen.storyboard */; };
		1FDE19951C537590006437F2 /* SKOctagonSampleTests.m in Sources */ = {isa = PBXBuildFile; fileRef = 1FDE19941C537590006437F2 /* SKOctagonSampleTests.m */; };
		1FDE19A01C537590006437F2 /* SKOctagonSampleUITests.m in Sources */ = {isa = PBXBuildFile; fileRef = 1FDE199F1C537590006437F2 /* SKOctagonSampleUITests.m */; };
		1FDE19AE1C5379DC006437F2 /* gameView_board.png in Resources */ = {isa = PBXBuildFile; fileRef = 1FDE19AD1C5379DC006437F2 /* gameView_board.png */; };
		1FDE19B11C537C44006437F2 /* SKPlayScene.m in Sources */ = {isa = PBXBuildFile; fileRef = 1FDE19B01C537C44006437F2 /* SKPlayScene.m */; };
		1FDE19B31C537CBE006437F2 /* config.json in Resources */ = {isa = PBXBuildFile; fileRef = 1FDE19B21C537CBE006437F2 /* config.json */; };
		1FDE19B51C5394BD006437F2 /* SpriteKit.framework in Frameworks */ = {isa = PBXBuildFile; fileRef = 1FDE19B41C5394BD006437F2 /* SpriteKit.framework */; };
		329025418FA150E2B3ED0539 /* libPods-SKOctagonSampleUITests.a in Frameworks */ = {isa = PBXBuildFile; fileRef = 4C20DF06700E1A95BBF0EF62 /* libPods-SKOctagonSampleUITests.a */; };
		8F985DDE98B3C1C82F38BDD1 /* libPods-SKOctagonSampleTests.a in Frameworks */ = {isa = PBXBuildFile; fileRef = 85BE2DDFAF9F545AE040AE03 /* libPods-SKOctagonSampleTests.a */; };
		E58824BFC55B650CEE4FBA20 /* libPods-SKOctagonSample.a in Frameworks */ = {isa = PBXBuildFile; fileRef = 4F89928023B7E03F3DC3C13B /* libPods-SKOctagonSample.a */; };
/* End PBXBuildFile section */

/* Begin PBXContainerItemProxy section */
		1FDE19911C537590006437F2 /* PBXContainerItemProxy */ = {
			isa = PBXContainerItemProxy;
			containerPortal = 1FDE196F1C53758F006437F2 /* Project object */;
			proxyType = 1;
			remoteGlobalIDString = 1FDE19761C537590006437F2;
			remoteInfo = SKOctagonSample;
		};
		1FDE199C1C537590006437F2 /* PBXContainerItemProxy */ = {
			isa = PBXContainerItemProxy;
			containerPortal = 1FDE196F1C53758F006437F2 /* Project object */;
			proxyType = 1;
			remoteGlobalIDString = 1FDE19761C537590006437F2;
			remoteInfo = SKOctagonSample;
		};
/* End PBXContainerItemProxy section */

/* Begin PBXFileReference section */
		0756CF582D49C71A1D4D3F90 /* Pods-SKOctagonSample.release.xcconfig */ = {isa = PBXFileReference; includeInIndex = 1; lastKnownFileType = text.xcconfig; name = "Pods-SKOctagonSample.release.xcconfig"; path = "Pods/Target Support Files/Pods-SKOctagonSample/Pods-SKOctagonSample.release.xcconfig"; sourceTree = "<group>"; };
		1A7303214D95FDD63B139756 /* Pods-SKOctagonSample.debug.xcconfig */ = {isa = PBXFileReference; includeInIndex = 1; lastKnownFileType = text.xcconfig; name = "Pods-SKOctagonSample.debug.xcconfig"; path = "Pods/Target Support Files/Pods-SKOctagonSample/Pods-SKOctagonSample.debug.xcconfig"; sourceTree = "<group>"; };
		1FD22F411C54F30200A99CF3 /* maru_blue.png */ = {isa = PBXFileReference; lastKnownFileType = image.png; path = maru_blue.png; sourceTree = "<group>"; };
		1FD22F421C54F30200A99CF3 /* maru_green_low.png */ = {isa = PBXFileReference; lastKnownFileType = image.png; path = maru_green_low.png; sourceTree = "<group>"; };
		1FD22F431C54F30200A99CF3 /* maru_pink_low.png */ = {isa = PBXFileReference; lastKnownFileType = image.png; path = maru_pink_low.png; sourceTree = "<group>"; };
		1FD22F441C54F30200A99CF3 /* maru_yellow_low.png */ = {isa = PBXFileReference; lastKnownFileType = image.png; path = maru_yellow_low.png; sourceTree = "<group>"; };
		1FDE19771C537590006437F2 /* SKOctagonSample.app */ = {isa = PBXFileReference; explicitFileType = wrapper.application; includeInIndex = 0; path = SKOctagonSample.app; sourceTree = BUILT_PRODUCTS_DIR; };
		1FDE197B1C537590006437F2 /* main.m */ = {isa = PBXFileReference; lastKnownFileType = sourcecode.c.objc; path = main.m; sourceTree = "<group>"; };
		1FDE197D1C537590006437F2 /* AppDelegate.h */ = {isa = PBXFileReference; lastKnownFileType = sourcecode.c.h; path = AppDelegate.h; sourceTree = "<group>"; };
		1FDE197E1C537590006437F2 /* AppDelegate.m */ = {isa = PBXFileReference; lastKnownFileType = sourcecode.c.objc; path = AppDelegate.m; sourceTree = "<group>"; };
		1FDE19801C537590006437F2 /* ViewController.h */ = {isa = PBXFileReference; lastKnownFileType = sourcecode.c.h; path = ViewController.h; sourceTree = "<group>"; };
		1FDE19811C537590006437F2 /* ViewController.m */ = {isa = PBXFileReference; lastKnownFileType = sourcecode.c.objc; path = ViewController.m; sourceTree = "<group>"; };
		1FDE19841C537590006437F2 /* Base */ = {isa = PBXFileReference; lastKnownFileType = file.storyboard; name = Base; path = Base.lproj/Main.storyboard; sourceTree = "<group>"; };
		1FDE19861C537590006437F2 /* Assets.xcassets */ = {isa = PBXFileReference; lastKnownFileType = folder.assetcatalog; path = Assets.xcassets; sourceTree = "<group>"; };
		1FDE19891C537590006437F2 /* Base */ = {isa = PBXFileReference; lastKnownFileType = file.storyboard; name = Base; path = Base.lproj/LaunchScreen.storyboard; sourceTree = "<group>"; };
		1FDE198B1C537590006437F2 /* Info.plist */ = {isa = PBXFileReference; lastKnownFileType = text.plist.xml; path = Info.plist; sourceTree = "<group>"; };
		1FDE19901C537590006437F2 /* SKOctagonSampleTests.xctest */ = {isa = PBXFileReference; explicitFileType = wrapper.cfbundle; includeInIndex = 0; path = SKOctagonSampleTests.xctest; sourceTree = BUILT_PRODUCTS_DIR; };
		1FDE19941C537590006437F2 /* SKOctagonSampleTests.m */ = {isa = PBXFileReference; lastKnownFileType = sourcecode.c.objc; path = SKOctagonSampleTests.m; sourceTree = "<group>"; };
		1FDE19961C537590006437F2 /* Info.plist */ = {isa = PBXFileReference; lastKnownFileType = text.plist.xml; path = Info.plist; sourceTree = "<group>"; };
		1FDE199B1C537590006437F2 /* SKOctagonSampleUITests.xctest */ = {isa = PBXFileReference; explicitFileType = wrapper.cfbundle; includeInIndex = 0; path = SKOctagonSampleUITests.xctest; sourceTree = BUILT_PRODUCTS_DIR; };
		1FDE199F1C537590006437F2 /* SKOctagonSampleUITests.m */ = {isa = PBXFileReference; lastKnownFileType = sourcecode.c.objc; path = SKOctagonSampleUITests.m; sourceTree = "<group>"; };
		1FDE19A11C537590006437F2 /* Info.plist */ = {isa = PBXFileReference; lastKnownFileType = text.plist.xml; path = Info.plist; sourceTree = "<group>"; };
		1FDE19AD1C5379DC006437F2 /* gameView_board.png */ = {isa = PBXFileReference; lastKnownFileType = image.png; path = gameView_board.png; sourceTree = "<group>"; };
		1FDE19AF1C537C44006437F2 /* SKPlayScene.h */ = {isa = PBXFileReference; fileEncoding = 4; lastKnownFileType = sourcecode.c.h; name = SKPlayScene.h; path = ../SKPlayScene.h; sourceTree = "<group>"; };
		1FDE19B01C537C44006437F2 /* SKPlayScene.m */ = {isa = PBXFileReference; fileEncoding = 4; lastKnownFileType = sourcecode.c.objc; name = SKPlayScene.m; path = ../SKPlayScene.m; sourceTree = "<group>"; };
		1FDE19B21C537CBE006437F2 /* config.json */ = {isa = PBXFileReference; fileEncoding = 4; lastKnownFileType = text.json; name = config.json; path = ../config.json; sourceTree = "<group>"; };
		1FDE19B41C5394BD006437F2 /* SpriteKit.framework */ = {isa = PBXFileReference; lastKnownFileType = wrapper.framework; name = SpriteKit.framework; path = System/Library/Frameworks/SpriteKit.framework; sourceTree = SDKROOT; };
		4C20DF06700E1A95BBF0EF62 /* libPods-SKOctagonSampleUITests.a */ = {isa = PBXFileReference; explicitFileType = archive.ar; includeInIndex = 0; path = "libPods-SKOctagonSampleUITests.a"; sourceTree = BUILT_PRODUCTS_DIR; };
		4F89928023B7E03F3DC3C13B /* libPods-SKOctagonSample.a */ = {isa = PBXFileReference; explicitFileType = archive.ar; includeInIndex = 0; path = "libPods-SKOctagonSample.a"; sourceTree = BUILT_PRODUCTS_DIR; };
		83F1408FBBBC2DAFD6F5B45B /* Pods-SKOctagonSampleUITests.release.xcconfig */ = {isa = PBXFileReference; includeInIndex = 1; lastKnownFileType = text.xcconfig; name = "Pods-SKOctagonSampleUITests.release.xcconfig"; path = "Pods/Target Support Files/Pods-SKOctagonSampleUITests/Pods-SKOctagonSampleUITests.release.xcconfig"; sourceTree = "<group>"; };
		85BE2DDFAF9F545AE040AE03 /* libPods-SKOctagonSampleTests.a */ = {isa = PBXFileReference; explicitFileType = archive.ar; includeInIndex = 0; path = "libPods-SKOctagonSampleTests.a"; sourceTree = BUILT_PRODUCTS_DIR; };
		8DB9668ABBE8F8C6A09CBEBE /* Pods-SKOctagonSampleTests.release.xcconfig */ = {isa = PBXFileReference; includeInIndex = 1; lastKnownFileType = text.xcconfig; name = "Pods-SKOctagonSampleTests.release.xcconfig"; path = "Pods/Target Support Files/Pods-SKOctagonSampleTests/Pods-SKOctagonSampleTests.release.xcconfig"; sourceTree = "<group>"; };
		93EB9E2550E8083CF08E8D04 /* Pods-SKOctagonSampleUITests.debug.xcconfig */ = {isa = PBXFileReference; includeInIndex = 1; lastKnownFileType = text.xcconfig; name = "Pods-SKOctagonSampleUITests.debug.xcconfig"; path = "Pods/Target Support Files/Pods-SKOctagonSampleUITests/Pods-SKOctagonSampleUITests.debug.xcconfig"; sourceTree = "<group>"; };
		C6365980F425CC71F26E0732 /* Pods-SKOctagonSampleTests.debug.xcconfig */ = {isa = PBXFileReference; includeInIndex = 1; lastKnownFileType = text.xcconfig; name = "Pods-SKOctagonSampleTests.debug.xcconfig"; path = "Pods/Target Support Files/Pods-SKOctagonSampleTests/Pods-SKOctagonSampleTests.debug.xcconfig"; sourceTree = "<group>"; };
/* End PBXFileReference section */

/* Begin PBXFrameworksBuildPhase section */
		1FDE19741C537590006437F2 /* Frameworks */ = {
			isa = PBXFrameworksBuildPhase;
			buildActionMask = 2147483647;
			files = (
				1FDE19B51C5394BD006437F2 /* SpriteKit.framework in Frameworks */,
				E58824BFC55B650CEE4FBA20 /* libPods-SKOctagonSample.a in Frameworks */,
			);
			runOnlyForDeploymentPostprocessing = 0;
		};
		1FDE198D1C537590006437F2 /* Frameworks */ = {
			isa = PBXFrameworksBuildPhase;
			buildActionMask = 2147483647;
			files = (
				8F985DDE98B3C1C82F38BDD1 /* libPods-SKOctagonSampleTests.a in Frameworks */,
			);
			runOnlyForDeploymentPostprocessing = 0;
		};
		1FDE19981C537590006437F2 /* Frameworks */ = {
			isa = PBXFrameworksBuildPhase;
			buildActionMask = 2147483647;
			files = (
				329025418FA150E2B3ED0539 /* libPods-SKOctagonSampleUITests.a in Frameworks */,
			);
			runOnlyForDeploymentPostprocessing = 0;
		};
/* End PBXFrameworksBuildPhase section */

/* Begin PBXGroup section */
		1FDE196E1C53758F006437F2 = {
			isa = PBXGroup;
			children = (
				1FD22F411C54F30200A99CF3 /* maru_blue.png */,
				1FD22F421C54F30200A99CF3 /* maru_green_low.png */,
				1FD22F431C54F30200A99CF3 /* maru_pink_low.png */,
				1FD22F441C54F30200A99CF3 /* maru_yellow_low.png */,
				1FDE19B41C5394BD006437F2 /* SpriteKit.framework */,
				1FDE19AD1C5379DC006437F2 /* gameView_board.png */,
				1FDE19791C537590006437F2 /* SKOctagonSample */,
				1FDE19931C537590006437F2 /* SKOctagonSampleTests */,
				1FDE199E1C537590006437F2 /* SKOctagonSampleUITests */,
				1FDE19781C537590006437F2 /* Products */,
				E008E47D369A9EB5CB7D25A2 /* Pods */,
				FB543AE5BFC9751B7C413E66 /* Frameworks */,
			);
			sourceTree = "<group>";
		};
		1FDE19781C537590006437F2 /* Products */ = {
			isa = PBXGroup;
			children = (
				1FDE19771C537590006437F2 /* SKOctagonSample.app */,
				1FDE19901C537590006437F2 /* SKOctagonSampleTests.xctest */,
				1FDE199B1C537590006437F2 /* SKOctagonSampleUITests.xctest */,
			);
			name = Products;
			sourceTree = "<group>";
		};
		1FDE19791C537590006437F2 /* SKOctagonSample */ = {
			isa = PBXGroup;
			children = (
				1FDE19B21C537CBE006437F2 /* config.json */,
				1FDE197D1C537590006437F2 /* AppDelegate.h */,
				1FDE197E1C537590006437F2 /* AppDelegate.m */,
				1FDE19801C537590006437F2 /* ViewController.h */,
				1FDE19811C537590006437F2 /* ViewController.m */,
				1FDE19AF1C537C44006437F2 /* SKPlayScene.h */,
				1FDE19B01C537C44006437F2 /* SKPlayScene.m */,
				1FDE19831C537590006437F2 /* Main.storyboard */,
				1FDE19861C537590006437F2 /* Assets.xcassets */,
				1FDE19881C537590006437F2 /* LaunchScreen.storyboard */,
				1FDE198B1C537590006437F2 /* Info.plist */,
				1FDE197A1C537590006437F2 /* Supporting Files */,
			);
			path = SKOctagonSample;
			sourceTree = "<group>";
		};
		1FDE197A1C537590006437F2 /* Supporting Files */ = {
			isa = PBXGroup;
			children = (
				1FDE197B1C537590006437F2 /* main.m */,
			);
			name = "Supporting Files";
			sourceTree = "<group>";
		};
		1FDE19931C537590006437F2 /* SKOctagonSampleTests */ = {
			isa = PBXGroup;
			children = (
				1FDE19941C537590006437F2 /* SKOctagonSampleTests.m */,
				1FDE19961C537590006437F2 /* Info.plist */,
			);
			path = SKOctagonSampleTests;
			sourceTree = "<group>";
		};
		1FDE199E1C537590006437F2 /* SKOctagonSampleUITests */ = {
			isa = PBXGroup;
			children = (
				1FDE199F1C537590006437F2 /* SKOctagonSampleUITests.m */,
				1FDE19A11C537590006437F2 /* Info.plist */,
			);
			path = SKOctagonSampleUITests;
			sourceTree = "<group>";
		};
		E008E47D369A9EB5CB7D25A2 /* Pods */ = {
			isa = PBXGroup;
			children = (
				1A7303214D95FDD63B139756 /* Pods-SKOctagonSample.debug.xcconfig */,
				0756CF582D49C71A1D4D3F90 /* Pods-SKOctagonSample.release.xcconfig */,
				C6365980F425CC71F26E0732 /* Pods-SKOctagonSampleTests.debug.xcconfig */,
				8DB9668ABBE8F8C6A09CBEBE /* Pods-SKOctagonSampleTests.release.xcconfig */,
				93EB9E2550E8083CF08E8D04 /* Pods-SKOctagonSampleUITests.debug.xcconfig */,
				83F1408FBBBC2DAFD6F5B45B /* Pods-SKOctagonSampleUITests.release.xcconfig */,
			);
			name = Pods;
			sourceTree = "<group>";
		};
		FB543AE5BFC9751B7C413E66 /* Frameworks */ = {
			isa = PBXGroup;
			children = (
				4F89928023B7E03F3DC3C13B /* libPods-SKOctagonSample.a */,
				85BE2DDFAF9F545AE040AE03 /* libPods-SKOctagonSampleTests.a */,
				4C20DF06700E1A95BBF0EF62 /* libPods-SKOctagonSampleUITests.a */,
			);
			name = Frameworks;
			sourceTree = "<group>";
		};
/* End PBXGroup section */

/* Begin PBXNativeTarget section */
		1FDE19761C537590006437F2 /* SKOctagonSample */ = {
			isa = PBXNativeTarget;
			buildConfigurationList = 1FDE19A41C537590006437F2 /* Build configuration list for PBXNativeTarget "SKOctagonSample" */;
			buildPhases = (
				CA2EB5288CA1D0CABD597116 /* Check Pods Manifest.lock */,
				1FDE19731C537590006437F2 /* Sources */,
				1FDE19741C537590006437F2 /* Frameworks */,
				1FDE19751C537590006437F2 /* Resources */,
				228F8AC0CC113519DE3573EA /* Embed Pods Frameworks */,
				36AE0187821BDB52B58A41BD /* Copy Pods Resources */,
			);
			buildRules = (
			);
			dependencies = (
			);
			name = SKOctagonSample;
			productName = SKOctagonSample;
			productReference = 1FDE19771C537590006437F2 /* SKOctagonSample.app */;
			productType = "com.apple.product-type.application";
		};
		1FDE198F1C537590006437F2 /* SKOctagonSampleTests */ = {
			isa = PBXNativeTarget;
			buildConfigurationList = 1FDE19A71C537590006437F2 /* Build configuration list for PBXNativeTarget "SKOctagonSampleTests" */;
			buildPhases = (
				616680EB595553B0C60D9446 /* Check Pods Manifest.lock */,
				1FDE198C1C537590006437F2 /* Sources */,
				1FDE198D1C537590006437F2 /* Frameworks */,
				1FDE198E1C537590006437F2 /* Resources */,
				DAC20007E4FF708D76A89736 /* Embed Pods Frameworks */,
				C88B940738D04AE226C7007B /* Copy Pods Resources */,
			);
			buildRules = (
			);
			dependencies = (
				1FDE19921C537590006437F2 /* PBXTargetDependency */,
			);
			name = SKOctagonSampleTests;
			productName = SKOctagonSampleTests;
			productReference = 1FDE19901C537590006437F2 /* SKOctagonSampleTests.xctest */;
			productType = "com.apple.product-type.bundle.unit-test";
		};
		1FDE199A1C537590006437F2 /* SKOctagonSampleUITests */ = {
			isa = PBXNativeTarget;
			buildConfigurationList = 1FDE19AA1C537590006437F2 /* Build configuration list for PBXNativeTarget "SKOctagonSampleUITests" */;
			buildPhases = (
				C86511B2631A4B2E3607836E /* Check Pods Manifest.lock */,
				1FDE19971C537590006437F2 /* Sources */,
				1FDE19981C537590006437F2 /* Frameworks */,
				1FDE19991C537590006437F2 /* Resources */,
				0C3192906556A96FDC24E649 /* Copy Pods Resources */,
			);
			buildRules = (
			);
			dependencies = (
				1FDE199D1C537590006437F2 /* PBXTargetDependency */,
			);
			name = SKOctagonSampleUITests;
			productName = SKOctagonSampleUITests;
			productReference = 1FDE199B1C537590006437F2 /* SKOctagonSampleUITests.xctest */;
			productType = "com.apple.product-type.bundle.ui-testing";
		};
/* End PBXNativeTarget section */

/* Begin PBXProject section */
		1FDE196F1C53758F006437F2 /* Project object */ = {
			isa = PBXProject;
			attributes = {
				LastUpgradeCheck = 0720;
				ORGANIZATIONNAME = FumikoYamamoto;
				TargetAttributes = {
					1FDE19761C537590006437F2 = {
						CreatedOnToolsVersion = 7.2;
					};
					1FDE198F1C537590006437F2 = {
						CreatedOnToolsVersion = 7.2;
						TestTargetID = 1FDE19761C537590006437F2;
					};
					1FDE199A1C537590006437F2 = {
						CreatedOnToolsVersion = 7.2;
						TestTargetID = 1FDE19761C537590006437F2;
					};
				};
			};
			buildConfigurationList = 1FDE19721C53758F006437F2 /* Build configuration list for PBXProject "SKOctagonSample" */;
			compatibilityVersion = "Xcode 3.2";
			developmentRegion = English;
			hasScannedForEncodings = 0;
			knownRegions = (
				en,
				Base,
			);
			mainGroup = 1FDE196E1C53758F006437F2;
			productRefGroup = 1FDE19781C537590006437F2 /* Products */;
			projectDirPath = "";
			projectRoot = "";
			targets = (
				1FDE19761C537590006437F2 /* SKOctagonSample */,
				1FDE198F1C537590006437F2 /* SKOctagonSampleTests */,
				1FDE199A1C537590006437F2 /* SKOctagonSampleUITests */,
			);
		};
/* End PBXProject section */

/* Begin PBXResourcesBuildPhase section */
		1FDE19751C537590006437F2 /* Resources */ = {
			isa = PBXResourcesBuildPhase;
			buildActionMask = 2147483647;
			files = (
				1FDE198A1C537590006437F2 /* LaunchScreen.storyboard in Resources */,
				1FDE19AE1C5379DC006437F2 /* gameView_board.png in Resources */,
				1FD22F481C54F30200A99CF3 /* maru_yellow_low.png in Resources */,
				1FD22F461C54F30200A99CF3 /* maru_green_low.png in Resources */,
				1FD22F471C54F30200A99CF3 /* maru_pink_low.png in Resources */,
				1FD22F451C54F30200A99CF3 /* maru_blue.png in Resources */,
				1FDE19B31C537CBE006437F2 /* config.json in Resources */,
				1FDE19871C537590006437F2 /* Assets.xcassets in Resources */,
				1FDE19851C537590006437F2 /* Main.storyboard in Resources */,
			);
			runOnlyForDeploymentPostprocessing = 0;
		};
		1FDE198E1C537590006437F2 /* Resources */ = {
			isa = PBXResourcesBuildPhase;
			buildActionMask = 2147483647;
			files = (
			);
			runOnlyForDeploymentPostprocessing = 0;
		};
		1FDE19991C537590006437F2 /* Resources */ = {
			isa = PBXResourcesBuildPhase;
			buildActionMask = 2147483647;
			files = (
			);
			runOnlyForDeploymentPostprocessing = 0;
		};
/* End PBXResourcesBuildPhase section */

/* Begin PBXShellScriptBuildPhase section */
		0C3192906556A96FDC24E649 /* Copy Pods Resources */ = {
			isa = PBXShellScriptBuildPhase;
			buildActionMask = 2147483647;
			files = (
			);
			inputPaths = (
			);
			name = "Copy Pods Resources";
			outputPaths = (
			);
			runOnlyForDeploymentPostprocessing = 0;
			shellPath = /bin/sh;
			shellScript = "\"${SRCROOT}/Pods/Target Support Files/Pods-SKOctagonSampleUITests/Pods-SKOctagonSampleUITests-resources.sh\"\n";
			showEnvVarsInLog = 0;
		};
		228F8AC0CC113519DE3573EA /* Embed Pods Frameworks */ = {
			isa = PBXShellScriptBuildPhase;
			buildActionMask = 2147483647;
			files = (
			);
			inputPaths = (
			);
			name = "Embed Pods Frameworks";
			outputPaths = (
			);
			runOnlyForDeploymentPostprocessing = 0;
			shellPath = /bin/sh;
			shellScript = "\"${SRCROOT}/Pods/Target Support Files/Pods-SKOctagonSample/Pods-SKOctagonSample-frameworks.sh\"\n";
			showEnvVarsInLog = 0;
		};
		36AE0187821BDB52B58A41BD /* Copy Pods Resources */ = {
			isa = PBXShellScriptBuildPhase;
			buildActionMask = 2147483647;
			files = (
			);
			inputPaths = (
			);
			name = "Copy Pods Resources";
			outputPaths = (
			);
			runOnlyForDeploymentPostprocessing = 0;
			shellPath = /bin/sh;
			shellScript = "\"${SRCROOT}/Pods/Target Support Files/Pods-SKOctagonSample/Pods-SKOctagonSample-resources.sh\"\n";
			showEnvVarsInLog = 0;
		};
		616680EB595553B0C60D9446 /* Check Pods Manifest.lock */ = {
			isa = PBXShellScriptBuildPhase;
			buildActionMask = 2147483647;
			files = (
			);
			inputPaths = (
			);
			name = "Check Pods Manifest.lock";
			outputPaths = (
			);
			runOnlyForDeploymentPostprocessing = 0;
			shellPath = /bin/sh;
			shellScript = "diff \"${PODS_ROOT}/../Podfile.lock\" \"${PODS_ROOT}/Manifest.lock\" > /dev/null\nif [[ $? != 0 ]] ; then\n    cat << EOM\nerror: The sandbox is not in sync with the Podfile.lock. Run 'pod install' or update your CocoaPods installation.\nEOM\n    exit 1\nfi\n";
			showEnvVarsInLog = 0;
		};
		C86511B2631A4B2E3607836E /* Check Pods Manifest.lock */ = {
			isa = PBXShellScriptBuildPhase;
			buildActionMask = 2147483647;
			files = (
			);
			inputPaths = (
			);
			name = "Check Pods Manifest.lock";
			outputPaths = (
			);
			runOnlyForDeploymentPostprocessing = 0;
			shellPath = /bin/sh;
			shellScript = "diff \"${PODS_ROOT}/../Podfile.lock\" \"${PODS_ROOT}/Manifest.lock\" > /dev/null\nif [[ $? != 0 ]] ; then\n    cat << EOM\nerror: The sandbox is not in sync with the Podfile.lock. Run 'pod install' or update your CocoaPods installation.\nEOM\n    exit 1\nfi\n";
			showEnvVarsInLog = 0;
		};
		C88B940738D04AE226C7007B /* Copy Pods Resources */ = {
			isa = PBXShellScriptBuildPhase;
			buildActionMask = 2147483647;
			files = (
			);
			inputPaths = (
			);
			name = "Copy Pods Resources";
			outputPaths = (
			);
			runOnlyForDeploymentPostprocessing = 0;
			shellPath = /bin/sh;
			shellScript = "\"${SRCROOT}/Pods/Target Support Files/Pods-SKOctagonSampleTests/Pods-SKOctagonSampleTests-resources.sh\"\n";
			showEnvVarsInLog = 0;
		};
		CA2EB5288CA1D0CABD597116 /* Check Pods Manifest.lock */ = {
			isa = PBXShellScriptBuildPhase;
			buildActionMask = 2147483647;
			files = (
			);
			inputPaths = (
			);
			name = "Check Pods Manifest.lock";
			outputPaths = (
			);
			runOnlyForDeploymentPostprocessing = 0;
			shellPath = /bin/sh;
			shellScript = "diff \"${PODS_ROOT}/../Podfile.lock\" \"${PODS_ROOT}/Manifest.lock\" > /dev/null\nif [[ $? != 0 ]] ; then\n    cat << EOM\nerror: The sandbox is not in sync with the Podfile.lock. Run 'pod install' or update your CocoaPods installation.\nEOM\n    exit 1\nfi\n";
			showEnvVarsInLog = 0;
		};
		DAC20007E4FF708D76A89736 /* Embed Pods Frameworks */ = {
			isa = PBXShellScriptBuildPhase;
			buildActionMask = 2147483647;
			files = (
			);
			inputPaths = (
			);
			name = "Embed Pods Frameworks";
			outputPaths = (
			);
			runOnlyForDeploymentPostprocessing = 0;
			shellPath = /bin/sh;
			shellScript = "\"${SRCROOT}/Pods/Target Support Files/Pods-SKOctagonSampleTests/Pods-SKOctagonSampleTests-frameworks.sh\"\n";
			showEnvVarsInLog = 0;
		};
/* End PBXShellScriptBuildPhase section */

/* Begin PBXSourcesBuildPhase section */
		1FDE19731C537590006437F2 /* Sources */ = {
			isa = PBXSourcesBuildPhase;
			buildActionMask = 2147483647;
			files = (
				1FDE19821C537590006437F2 /* ViewController.m in Sources */,
				1FDE197F1C537590006437F2 /* AppDelegate.m in Sources */,
				1FDE19B11C537C44006437F2 /* SKPlayScene.m in Sources */,
				1FDE197C1C537590006437F2 /* main.m in Sources */,
			);
			runOnlyForDeploymentPostprocessing = 0;
		};
		1FDE198C1C537590006437F2 /* Sources */ = {
			isa = PBXSourcesBuildPhase;
			buildActionMask = 2147483647;
			files = (
				1FDE19951C537590006437F2 /* SKOctagonSampleTests.m in Sources */,
			);
			runOnlyForDeploymentPostprocessing = 0;
		};
		1FDE19971C537590006437F2 /* Sources */ = {
			isa = PBXSourcesBuildPhase;
			buildActionMask = 2147483647;
			files = (
				1FDE19A01C537590006437F2 /* SKOctagonSampleUITests.m in Sources */,
			);
			runOnlyForDeploymentPostprocessing = 0;
		};
/* End PBXSourcesBuildPhase section */

/* Begin PBXTargetDependency section */
		1FDE19921C537590006437F2 /* PBXTargetDependency */ = {
			isa = PBXTargetDependency;
			target = 1FDE19761C537590006437F2 /* SKOctagonSample */;
			targetProxy = 1FDE19911C537590006437F2 /* PBXContainerItemProxy */;
		};
		1FDE199D1C537590006437F2 /* PBXTargetDependency */ = {
			isa = PBXTargetDependency;
			target = 1FDE19761C537590006437F2 /* SKOctagonSample */;
			targetProxy = 1FDE199C1C537590006437F2 /* PBXContainerItemProxy */;
		};
/* End PBXTargetDependency section */

/* Begin PBXVariantGroup section */
		1FDE19831C537590006437F2 /* Main.storyboard */ = {
			isa = PBXVariantGroup;
			children = (
				1FDE19841C537590006437F2 /* Base */,
			);
			name = Main.storyboard;
			sourceTree = "<group>";
		};
		1FDE19881C537590006437F2 /* LaunchScreen.storyboard */ = {
			isa = PBXVariantGroup;
			children = (
				1FDE19891C537590006437F2 /* Base */,
			);
			name = LaunchScreen.storyboard;
			sourceTree = "<group>";
		};
/* End PBXVariantGroup section */

/* Begin XCBuildConfiguration section */
		1FDE19A21C537590006437F2 /* Debug */ = {
			isa = XCBuildConfiguration;
			buildSettings = {
				ALWAYS_SEARCH_USER_PATHS = NO;
				CLANG_CXX_LANGUAGE_STANDARD = "gnu++0x";
				CLANG_CXX_LIBRARY = "libc++";
				CLANG_ENABLE_MODULES = YES;
				CLANG_ENABLE_OBJC_ARC = YES;
				CLANG_WARN_BOOL_CONVERSION = YES;
				CLANG_WARN_CONSTANT_CONVERSION = YES;
				CLANG_WARN_DIRECT_OBJC_ISA_USAGE = YES_ERROR;
				CLANG_WARN_EMPTY_BODY = YES;
				CLANG_WARN_ENUM_CONVERSION = YES;
				CLANG_WARN_INT_CONVERSION = YES;
				CLANG_WARN_OBJC_ROOT_CLASS = YES_ERROR;
				CLANG_WARN_UNREACHABLE_CODE = YES;
				CLANG_WARN__DUPLICATE_METHOD_MATCH = YES;
				"CODE_SIGN_IDENTITY[sdk=iphoneos*]" = "iPhone Developer";
				COPY_PHASE_STRIP = NO;
				DEBUG_INFORMATION_FORMAT = dwarf;
				ENABLE_STRICT_OBJC_MSGSEND = YES;
				ENABLE_TESTABILITY = YES;
				GCC_C_LANGUAGE_STANDARD = gnu99;
				GCC_DYNAMIC_NO_PIC = NO;
				GCC_NO_COMMON_BLOCKS = YES;
				GCC_OPTIMIZATION_LEVEL = 0;
				GCC_PREPROCESSOR_DEFINITIONS = (
					"DEBUG=1",
					"$(inherited)",
				);
				GCC_WARN_64_TO_32_BIT_CONVERSION = YES;
				GCC_WARN_ABOUT_RETURN_TYPE = YES_ERROR;
				GCC_WARN_UNDECLARED_SELECTOR = YES;
				GCC_WARN_UNINITIALIZED_AUTOS = YES_AGGRESSIVE;
				GCC_WARN_UNUSED_FUNCTION = YES;
				GCC_WARN_UNUSED_VARIABLE = YES;
				IPHONEOS_DEPLOYMENT_TARGET = 9.2;
				MTL_ENABLE_DEBUG_INFO = YES;
				ONLY_ACTIVE_ARCH = YES;
				SDKROOT = iphoneos;
				TARGETED_DEVICE_FAMILY = "1,2";
			};
			name = Debug;
		};
		1FDE19A31C537590006437F2 /* Release */ = {
			isa = XCBuildConfiguration;
			buildSettings = {
				ALWAYS_SEARCH_USER_PATHS = NO;
				CLANG_CXX_LANGUAGE_STANDARD = "gnu++0x";
				CLANG_CXX_LIBRARY = "libc++";
				CLANG_ENABLE_MODULES = YES;
				CLANG_ENABLE_OBJC_ARC = YES;
				CLANG_WARN_BOOL_CONVERSION = YES;
				CLANG_WARN_CONSTANT_CONVERSION = YES;
				CLANG_WARN_DIRECT_OBJC_ISA_USAGE = YES_ERROR;
				CLANG_WARN_EMPTY_BODY = YES;
				CLANG_WARN_ENUM_CONVERSION = YES;
				CLANG_WARN_INT_CONVERSION = YES;
				CLANG_WARN_OBJC_ROOT_CLASS = YES_ERROR;
				CLANG_WARN_UNREACHABLE_CODE = YES;
				CLANG_WARN__DUPLICATE_METHOD_MATCH = YES;
				"CODE_SIGN_IDENTITY[sdk=iphoneos*]" = "iPhone Developer";
				COPY_PHASE_STRIP = NO;
				DEBUG_INFORMATION_FORMAT = "dwarf-with-dsym";
				ENABLE_NS_ASSERTIONS = NO;
				ENABLE_STRICT_OBJC_MSGSEND = YES;
				GCC_C_LANGUAGE_STANDARD = gnu99;
				GCC_NO_COMMON_BLOCKS = YES;
				GCC_WARN_64_TO_32_BIT_CONVERSION = YES;
				GCC_WARN_ABOUT_RETURN_TYPE = YES_ERROR;
				GCC_WARN_UNDECLARED_SELECTOR = YES;
				GCC_WARN_UNINITIALIZED_AUTOS = YES_AGGRESSIVE;
				GCC_WARN_UNUSED_FUNCTION = YES;
				GCC_WARN_UNUSED_VARIABLE = YES;
				IPHONEOS_DEPLOYMENT_TARGET = 9.2;
				MTL_ENABLE_DEBUG_INFO = NO;
				SDKROOT = iphoneos;
				TARGETED_DEVICE_FAMILY = "1,2";
				VALIDATE_PRODUCT = YES;
			};
			name = Release;
		};
		1FDE19A51C537590006437F2 /* Debug */ = {
			isa = XCBuildConfiguration;
			baseConfigurationReference = 1A7303214D95FDD63B139756 /* Pods-SKOctagonSample.debug.xcconfig */;
			buildSettings = {
				ASSETCATALOG_COMPILER_APPICON_NAME = AppIcon;
				INFOPLIST_FILE = SKOctagonSample/Info.plist;
				LD_RUNPATH_SEARCH_PATHS = "$(inherited) @executable_path/Frameworks";
				PRODUCT_BUNDLE_IDENTIFIER = fumiko.SKOctagonSample;
				PRODUCT_NAME = "$(TARGET_NAME)";
			};
			name = Debug;
		};
		1FDE19A61C537590006437F2 /* Release */ = {
			isa = XCBuildConfiguration;
			baseConfigurationReference = 0756CF582D49C71A1D4D3F90 /* Pods-SKOctagonSample.release.xcconfig */;
			buildSettings = {
				ASSETCATALOG_COMPILER_APPICON_NAME = AppIcon;
				INFOPLIST_FILE = SKOctagonSample/Info.plist;
				LD_RUNPATH_SEARCH_PATHS = "$(inherited) @executable_path/Frameworks";
				PRODUCT_BUNDLE_IDENTIFIER = fumiko.SKOctagonSample;
				PRODUCT_NAME = "$(TARGET_NAME)";
			};
			name = Release;
		};
		1FDE19A81C537590006437F2 /* Debug */ = {
			isa = XCBuildConfiguration;
			baseConfigurationReference = C6365980F425CC71F26E0732 /* Pods-SKOctagonSampleTests.debug.xcconfig */;
			buildSettings = {
				BUNDLE_LOADER = "$(TEST_HOST)";
				INFOPLIST_FILE = SKOctagonSampleTests/Info.plist;
				LD_RUNPATH_SEARCH_PATHS = "$(inherited) @executable_path/Frameworks @loader_path/Frameworks";
				PRODUCT_BUNDLE_IDENTIFIER = fumiko.SKOctagonSampleTests;
				PRODUCT_NAME = "$(TARGET_NAME)";
				TEST_HOST = "$(BUILT_PRODUCTS_DIR)/SKOctagonSample.app/SKOctagonSample";
			};
			name = Debug;
		};
		1FDE19A91C537590006437F2 /* Release */ = {
			isa = XCBuildConfiguration;
			baseConfigurationReference = 8DB9668ABBE8F8C6A09CBEBE /* Pods-SKOctagonSampleTests.release.xcconfig */;
			buildSettings = {
				BUNDLE_LOADER = "$(TEST_HOST)";
				INFOPLIST_FILE = SKOctagonSampleTests/Info.plist;
				LD_RUNPATH_SEARCH_PATHS = "$(inherited) @executable_path/Frameworks @loader_path/Frameworks";
				PRODUCT_BUNDLE_IDENTIFIER = fumiko.SKOctagonSampleTests;
				PRODUCT_NAME = "$(TARGET_NAME)";
				TEST_HOST = "$(BUILT_PRODUCTS_DIR)/SKOctagonSample.app/SKOctagonSample";
			};
			name = Release;
		};
		1FDE19AB1C537590006437F2 /* Debug */ = {
			isa = XCBuildConfiguration;
			baseConfigurationReference = 93EB9E2550E8083CF08E8D04 /* Pods-SKOctagonSampleUITests.debug.xcconfig */;
			buildSettings = {
				INFOPLIST_FILE = SKOctagonSampleUITests/Info.plist;
				LD_RUNPATH_SEARCH_PATHS = "$(inherited) @executable_path/Frameworks @loader_path/Frameworks";
				PRODUCT_BUNDLE_IDENTIFIER = fumiko.SKOctagonSampleUITests;
				PRODUCT_NAME = "$(TARGET_NAME)";
				TEST_TARGET_NAME = SKOctagonSample;
				USES_XCTRUNNER = YES;
			};
			name = Debug;
		};
		1FDE19AC1C537590006437F2 /* Release */ = {
			isa = XCBuildConfiguration;
			baseConfigurationReference = 83F1408FBBBC2DAFD6F5B45B /* Pods-SKOctagonSampleUITests.release.xcconfig */;
			buildSettings = {
				INFOPLIST_FILE = SKOctagonSampleUITests/Info.plist;
				LD_RUNPATH_SEARCH_PATHS = "$(inherited) @executable_path/Frameworks @loader_path/Frameworks";
				PRODUCT_BUNDLE_IDENTIFIER = fumiko.SKOctagonSampleUITests;
				PRODUCT_NAME = "$(TARGET_NAME)";
				TEST_TARGET_NAME = SKOctagonSample;
				USES_XCTRUNNER = YES;
			};
			name = Release;
		};
/* End XCBuildConfiguration section */

/* Begin XCConfigurationList section */
		1FDE19721C53758F006437F2 /* Build configuration list for PBXProject "SKOctagonSample" */ = {
			isa = XCConfigurationList;
			buildConfigurations = (
				1FDE19A21C537590006437F2 /* Debug */,
				1FDE19A31C537590006437F2 /* Release */,
			);
			defaultConfigurationIsVisible = 0;
			defaultConfigurationName = Release;
		};
		1FDE19A41C537590006437F2 /* Build configuration list for PBXNativeTarget "SKOctagonSample" */ = {
			isa = XCConfigurationList;
			buildConfigurations = (
				1FDE19A51C537590006437F2 /* Debug */,
				1FDE19A61C537590006437F2 /* Release */,
			);
			defaultConfigurationIsVisible = 0;
			defaultConfigurationName = Release;
		};
		1FDE19A71C537590006437F2 /* Build configuration list for PBXNativeTarget "SKOctagonSampleTests" */ = {
			isa = XCConfigurationList;
			buildConfigurations = (
				1FDE19A81C537590006437F2 /* Debug */,
				1FDE19A91C537590006437F2 /* Release */,
			);
			defaultConfigurationIsVisible = 0;
			defaultConfigurationName = Release;
		};
		1FDE19AA1C537590006437F2 /* Build configuration list for PBXNativeTarget "SKOctagonSampleUITests" */ = {
			isa = XCConfigurationList;
			buildConfigurations = (
				1FDE19AB1C537590006437F2 /* Debug */,
				1FDE19AC1C537590006437F2 /* Release */,
			);
			defaultConfigurationIsVisible = 0;
			defaultConfigurationName = Release;
		};
/* End XCConfigurationList section */
	};
	rootObject = 1FDE196F1C53758F006437F2 /* Project object */;
}
